// !$*UTF8*$!
{
	archiveVersion = 1;
	classes = {
	};
	objectVersion = 48;
	objects = {

/* Begin PBXBuildFile section */
		F85FEF4D206C65BB0000A082 /* AppDelegate.swift in Sources */ = {isa = PBXBuildFile; fileRef = F85FEF4C206C65BB0000A082 /* AppDelegate.swift */; };
		F85FEF4F206C65BB0000A082 /* ViewController.swift in Sources */ = {isa = PBXBuildFile; fileRef = F85FEF4E206C65BB0000A082 /* ViewController.swift */; };
		F85FEF51206C65BB0000A082 /* Assets.xcassets in Resources */ = {isa = PBXBuildFile; fileRef = F85FEF50206C65BB0000A082 /* Assets.xcassets */; };
		F85FEF54206C65BB0000A082 /* Main.storyboard in Resources */ = {isa = PBXBuildFile; fileRef = F85FEF52206C65BB0000A082 /* Main.storyboard */; };
/* End PBXBuildFile section */

/* Begin PBXFileReference section */
		F85FEF49206C65BB0000A082 /* TimeSheat.app */ = {isa = PBXFileReference; explicitFileType = wrapper.application; includeInIndex = 0; path = TimeSheat.app; sourceTree = BUILT_PRODUCTS_DIR; };
		F85FEF4C206C65BB0000A082 /* AppDelegate.swift */ = {isa = PBXFileReference; lastKnownFileType = sourcecode.swift; path = AppDelegate.swift; sourceTree = "<group>"; };
		F85FEF4E206C65BB0000A082 /* ViewController.swift */ = {isa = PBXFileReference; lastKnownFileType = sourcecode.swift; path = ViewController.swift; sourceTree = "<group>"; };
		F85FEF50206C65BB0000A082 /* Assets.xcassets */ = {isa = PBXFileReference; lastKnownFileType = folder.assetcatalog; path = Assets.xcassets; sourceTree = "<group>"; };
		F85FEF53206C65BB0000A082 /* Base */ = {isa = PBXFileReference; lastKnownFileType = file.storyboard; name = Base; path = Base.lproj/Main.storyboard; sourceTree = "<group>"; };
		F85FEF55206C65BB0000A082 /* Info.plist */ = {isa = PBXFileReference; lastKnownFileType = text.plist.xml; path = Info.plist; sourceTree = "<group>"; };
		F85FEF56206C65BB0000A082 /* TimeSheat.entitlements */ = {isa = PBXFileReference; lastKnownFileType = text.plist.entitlements; path = TimeSheat.entitlements; sourceTree = "<group>"; };
/* End PBXFileReference section */

/* Begin PBXFrameworksBuildPhase section */
		F85FEF46206C65BB0000A082 /* Frameworks */ = {
			isa = PBXFrameworksBuildPhase;
			buildActionMask = 2147483647;
			files = (
			);
			runOnlyForDeploymentPostprocessing = 0;
		};
/* End PBXFrameworksBuildPhase section */

/* Begin PBXGroup section */
		F85DEF8C206F65A20009C17E /* Model */ = {
			isa = PBXGroup;
			children = (
			);
			path = Model;
			sourceTree = "<group>";
		};
		F85DEF8D206F65B90009C17E /* View Controllers */ = {
			isa = PBXGroup;
			children = (
				F85FEF4E206C65BB0000A082 /* ViewController.swift */,
			);
			path = "View Controllers";
			sourceTree = "<group>";
		};
		F85FEF40206C65BA0000A082 = {
			isa = PBXGroup;
			children = (
				F85FEF4B206C65BB0000A082 /* TimeSheat */,
				F85FEF4A206C65BB0000A082 /* Products */,
			);
			sourceTree = "<group>";
		};
		F85FEF4A206C65BB0000A082 /* Products */ = {
			isa = PBXGroup;
			children = (
				F85FEF49206C65BB0000A082 /* TimeSheat.app */,
			);
			name = Products;
			sourceTree = "<group>";
		};
		F85FEF4B206C65BB0000A082 /* TimeSheat */ = {
			isa = PBXGroup;
			children = (
				F85DEF8D206F65B90009C17E /* View Controllers */,
				F85DEF8C206F65A20009C17E /* Model */,
				F85FEF4C206C65BB0000A082 /* AppDelegate.swift */,
				F85FEF50206C65BB0000A082 /* Assets.xcassets */,
				F85FEF52206C65BB0000A082 /* Main.storyboard */,
				F85FEF55206C65BB0000A082 /* Info.plist */,
				F85FEF56206C65BB0000A082 /* TimeSheat.entitlements */,
			);
			path = TimeSheat;
			sourceTree = "<group>";
		};
/* End PBXGroup section */

/* Begin PBXNativeTarget section */
		F85FEF48206C65BB0000A082 /* TimeSheat */ = {
			isa = PBXNativeTarget;
			buildConfigurationList = F85FEF59206C65BB0000A082 /* Build configuration list for PBXNativeTarget "TimeSheat" */;
			buildPhases = (
				F85FEF45206C65BB0000A082 /* Sources */,
				F85FEF46206C65BB0000A082 /* Frameworks */,
				F85FEF47206C65BB0000A082 /* Resources */,
			);
			buildRules = (
			);
			dependencies = (
			);
			name = TimeSheat;
			productName = TimeSheat;
			productReference = F85FEF49206C65BB0000A082 /* TimeSheat.app */;
			productType = "com.apple.product-type.application";
		};
/* End PBXNativeTarget section */

/* Begin PBXProject section */
		F85FEF41206C65BA0000A082 /* Project object */ = {
			isa = PBXProject;
			attributes = {
				LastSwiftUpdateCheck = 0920;
				LastUpgradeCheck = 0920;
				ORGANIZATIONNAME = "Jonathan Law";
				TargetAttributes = {
					F85FEF48206C65BB0000A082 = {
						CreatedOnToolsVersion = 9.2;
						ProvisioningStyle = Automatic;
					};
				};
			};
			buildConfigurationList = F85FEF44206C65BA0000A082 /* Build configuration list for PBXProject "TimeSheat" */;
			compatibilityVersion = "Xcode 8.0";
			developmentRegion = en;
			hasScannedForEncodings = 0;
			knownRegions = (
				en,
				Base,
			);
			mainGroup = F85FEF40206C65BA0000A082;
			productRefGroup = F85FEF4A206C65BB0000A082 /* Products */;
			projectDirPath = "";
			projectRoot = "";
			targets = (
				F85FEF48206C65BB0000A082 /* TimeSheat */,
			);
		};
/* End PBXProject section */

/* Begin PBXResourcesBuildPhase section */
		F85FEF47206C65BB0000A082 /* Resources */ = {
			isa = PBXResourcesBuildPhase;
			buildActionMask = 2147483647;
			files = (
				F85FEF51206C65BB0000A082 /* Assets.xcassets in Resources */,
				F85FEF54206C65BB0000A082 /* Main.storyboard in Resources */,
			);
			runOnlyForDeploymentPostprocessing = 0;
		};
/* End PBXResourcesBuildPhase section */

/* Begin PBXSourcesBuildPhase section */
		F85FEF45206C65BB0000A082 /* Sources */ = {
			isa = PBXSourcesBuildPhase;
			buildActionMask = 2147483647;
			files = (
				F85FEF4F206C65BB0000A082 /* ViewController.swift in Sources */,
				F85FEF4D206C65BB0000A082 /* AppDelegate.swift in Sources */,
			);
			runOnlyForDeploymentPostprocessing = 0;
		};
/* End PBXSourcesBuildPhase section */

/* Begin PBXVariantGroup section */
		F85FEF52206C65BB0000A082 /* Main.storyboard */ = {
			isa = PBXVariantGroup;
			children = (
				F85FEF53206C65BB0000A082 /* Base */,
			);
			name = Main.storyboard;
			sourceTree = "<group>";
		};
/* End PBXVariantGroup section */

/* Begin XCBuildConfiguration section */
		F85FEF57206C65BB0000A082 /* Debug */ = {
			isa = XCBuildConfiguration;
			buildSettings = {
				ALWAYS_SEARCH_USER_PATHS = NO;
				CLANG_ANALYZER_NONNULL = YES;
				CLANG_ANALYZER_NUMBER_OBJECT_CONVERSION = YES_AGGRESSIVE;
				CLANG_CXX_LANGUAGE_STANDARD = "gnu++14";
				CLANG_CXX_LIBRARY = "libc++";
				CLANG_ENABLE_MODULES = YES;
				CLANG_ENABLE_OBJC_ARC = YES;
				CLANG_WARN_BLOCK_CAPTURE_AUTORELEASING = YES;
				CLANG_WARN_BOOL_CONVERSION = YES;
				CLANG_WARN_COMMA = YES;
				CLANG_WARN_CONSTANT_CONVERSION = YES;
				CLANG_WARN_DIRECT_OBJC_ISA_USAGE = YES_ERROR;
				CLANG_WARN_DOCUMENTATION_COMMENTS = YES;
				CLANG_WARN_EMPTY_BODY = YES;
				CLANG_WARN_ENUM_CONVERSION = YES;
				CLANG_WARN_INFINITE_RECURSION = YES;
				CLANG_WARN_INT_CONVERSION = YES;
				CLANG_WARN_NON_LITERAL_NULL_CONVERSION = YES;
				CLANG_WARN_OBJC_LITERAL_CONVERSION = YES;
				CLANG_WARN_OBJC_ROOT_CLASS = YES_ERROR;
				CLANG_WARN_RANGE_LOOP_ANALYSIS = YES;
				CLANG_WARN_STRICT_PROTOTYPES = YES;
				CLANG_WARN_SUSPICIOUS_MOVE = YES;
				CLANG_WARN_UNGUARDED_AVAILABILITY = YES_AGGRESSIVE;
				CLANG_WARN_UNREACHABLE_CODE = YES;
				CLANG_WARN__DUPLICATE_METHOD_MATCH = YES;
				CODE_SIGN_IDENTITY = "-";
				COPY_PHASE_STRIP = NO;
				DEBUG_INFORMATION_FORMAT = dwarf;
				ENABLE_STRICT_OBJC_MSGSEND = YES;
				ENABLE_TESTABILITY = YES;
				GCC_C_LANGUAGE_STANDARD = gnu11;
				GCC_DYNAMIC_NO_PIC = NO;
				GCC_NO_COMMON_BLOCKS = YES;
				GCC_OPTIMIZATION_LEVEL = 0;
				GCC_PREPROCESSOR_DEFINITIONS = (
					"DEBUG=1",
					"$(inherited)",
				);
				GCC_WARN_64_TO_32_BIT_CONVERSION = YES;
				GCC_WARN_ABOUT_RETURN_TYPE = YES_ERROR;
				GCC_WARN_UNDECLARED_SELECTOR = YES;
				GCC_WARN_UNINITIALIZED_AUTOS = YES_AGGRESSIVE;
				GCC_WARN_UNUSED_FUNCTION = YES;
				GCC_WARN_UNUSED_VARIABLE = YES;
				MACOSX_DEPLOYMENT_TARGET = 10.13;
				MTL_ENABLE_DEBUG_INFO = YES;
				ONLY_ACTIVE_ARCH = YES;
				SDKROOT = macosx;
				SWIFT_ACTIVE_COMPILATION_CONDITIONS = DEBUG;
				SWIFT_OPTIMIZATION_LEVEL = "-Onone";
			};
			name = Debug;
		};
		F85FEF58206C65BB0000A082 /* Release */ = {
			isa = XCBuildConfiguration;
			buildSettings = {
				ALWAYS_SEARCH_USER_PATHS = NO;
				CLANG_ANALYZER_NONNULL = YES;
				CLANG_ANALYZER_NUMBER_OBJECT_CONVERSION = YES_AGGRESSIVE;
				CLANG_CXX_LANGUAGE_STANDARD = "gnu++14";
				CLANG_CXX_LIBRARY = "libc++";
				CLANG_ENABLE_MODULES = YES;
				CLANG_ENABLE_OBJC_ARC = YES;
				CLANG_WARN_BLOCK_CAPTURE_AUTORELEASING = YES;
				CLANG_WARN_BOOL_CONVERSION = YES;
				CLANG_WARN_COMMA = YES;
				CLANG_WARN_CONSTANT_CONVERSION = YES;
				CLANG_WARN_DIRECT_OBJC_ISA_USAGE = YES_ERROR;
				CLANG_WARN_DOCUMENTATION_COMMENTS = YES;
				CLANG_WARN_EMPTY_BODY = YES;
				CLANG_WARN_ENUM_CONVERSION = YES;
				CLANG_WARN_INFINITE_RECURSION = YES;
				CLANG_WARN_INT_CONVERSION = YES;
				CLANG_WARN_NON_LITERAL_NULL_CONVERSION = YES;
				CLANG_WARN_OBJC_LITERAL_CONVERSION = YES;
				CLANG_WARN_OBJC_ROOT_CLASS = YES_ERROR;
				CLANG_WARN_RANGE_LOOP_ANALYSIS = YES;
				CLANG_WARN_STRICT_PROTOTYPES = YES;
				CLANG_WARN_SUSPICIOUS_MOVE = YES;
				CLANG_WARN_UNGUARDED_AVAILABILITY = YES_AGGRESSIVE;
				CLANG_WARN_UNREACHABLE_CODE = YES;
				CLANG_WARN__DUPLICATE_METHOD_MATCH = YES;
				CODE_SIGN_IDENTITY = "-";
				COPY_PHASE_STRIP = NO;
				DEBUG_INFORMATION_FORMAT = "dwarf-with-dsym";
				ENABLE_NS_ASSERTIONS = NO;
				ENABLE_STRICT_OBJC_MSGSEND = YES;
				GCC_C_LANGUAGE_STANDARD = gnu11;
				GCC_NO_COMMON_BLOCKS = YES;
				GCC_WARN_64_TO_32_BIT_CONVERSION = YES;
				GCC_WARN_ABOUT_RETURN_TYPE = YES_ERROR;
				GCC_WARN_UNDECLARED_SELECTOR = YES;
				GCC_WARN_UNINITIALIZED_AUTOS = YES_AGGRESSIVE;
				GCC_WARN_UNUSED_FUNCTION = YES;
				GCC_WARN_UNUSED_VARIABLE = YES;
				MACOSX_DEPLOYMENT_TARGET = 10.13;
				MTL_ENABLE_DEBUG_INFO = NO;
				SDKROOT = macosx;
				SWIFT_OPTIMIZATION_LEVEL = "-Owholemodule";
			};
			name = Release;
		};
		F85FEF5A206C65BB0000A082 /* Debug */ = {
			isa = XCBuildConfiguration;
			buildSettings = {
				ASSETCATALOG_COMPILER_APPICON_NAME = AppIcon;
				CODE_SIGN_ENTITLEMENTS = TimeSheat/TimeSheat.entitlements;
				CODE_SIGN_STYLE = Automatic;
				COMBINE_HIDPI_IMAGES = YES;
				INFOPLIST_FILE = TimeSheat/Info.plist;
				LD_RUNPATH_SEARCH_PATHS = "$(inherited) @executable_path/../Frameworks";
				PRODUCT_BUNDLE_IDENTIFIER = com.jonathanlaw.TimeSheat;
				PRODUCT_NAME = "$(TARGET_NAME)";
				SWIFT_VERSION = 4.0;
			};
			name = Debug;
		};
		F85FEF5B206C65BB0000A082 /* Release */ = {
			isa = XCBuildConfiguration;
			buildSettings = {
				ASSETCATALOG_COMPILER_APPICON_NAME = AppIcon;
				CODE_SIGN_ENTITLEMENTS = TimeSheat/TimeSheat.entitlements;
				CODE_SIGN_STYLE = Automatic;
				COMBINE_HIDPI_IMAGES = YES;
				INFOPLIST_FILE = TimeSheat/Info.plist;
				LD_RUNPATH_SEARCH_PATHS = "$(inherited) @executable_path/../Frameworks";
				PRODUCT_BUNDLE_IDENTIFIER = com.jonathanlaw.TimeSheat;
				PRODUCT_NAME = "$(TARGET_NAME)";
				SWIFT_VERSION = 4.0;
			};
			name = Release;
		};
/* End XCBuildConfiguration section */

/* Begin XCConfigurationList section */
		F85FEF44206C65BA0000A082 /* Build configuration list for PBXProject "TimeSheat" */ = {
			isa = XCConfigurationList;
			buildConfigurations = (
				F85FEF57206C65BB0000A082 /* Debug */,
				F85FEF58206C65BB0000A082 /* Release */,
			);
			defaultConfigurationIsVisible = 0;
			defaultConfigurationName = Release;
		};
		F85FEF59206C65BB0000A082 /* Build configuration list for PBXNativeTarget "TimeSheat" */ = {
			isa = XCConfigurationList;
			buildConfigurations = (
				F85FEF5A206C65BB0000A082 /* Debug */,
				F85FEF5B206C65BB0000A082 /* Release */,
			);
			defaultConfigurationIsVisible = 0;
			defaultConfigurationName = Release;
		};
/* End XCConfigurationList section */
	};
	rootObject = F85FEF41206C65BA0000A082 /* Project object */;
}
